// !$*UTF8*$!
{
	archiveVersion = 1;
	classes = {
	};
	objectVersion = 46;
	objects = {

/* Begin PBXBuildFile section */
		60079C361C7DA1E800658AF8 /* main.m in Sources */ = {isa = PBXBuildFile; fileRef = 60079C351C7DA1E800658AF8 /* main.m */; };
		60079C391C7DA1E800658AF8 /* AppDelegate.m in Sources */ = {isa = PBXBuildFile; fileRef = 60079C381C7DA1E800658AF8 /* AppDelegate.m */; };
		60079C3C1C7DA1E800658AF8 /* ViewController.m in Sources */ = {isa = PBXBuildFile; fileRef = 60079C3B1C7DA1E800658AF8 /* ViewController.m */; };
		60079C3F1C7DA1E800658AF8 /* Main.storyboard in Resources */ = {isa = PBXBuildFile; fileRef = 60079C3D1C7DA1E800658AF8 /* Main.storyboard */; };
		60079C411C7DA1E800658AF8 /* Assets.xcassets in Resources */ = {isa = PBXBuildFile; fileRef = 60079C401C7DA1E800658AF8 /* Assets.xcassets */; };
		60079C441C7DA1E800658AF8 /* LaunchScreen.storyboard in Resources */ = {isa = PBXBuildFile; fileRef = 60079C421C7DA1E800658AF8 /* LaunchScreen.storyboard */; };
		60079C4F1C7DA1F600658AF8 /* Test01.m in Sources */ = {isa = PBXBuildFile; fileRef = 60079C4C1C7DA1F600658AF8 /* Test01.m */; };
		60079C501C7DA1F600658AF8 /* Test02.m in Sources */ = {isa = PBXBuildFile; fileRef = 60079C4E1C7DA1F600658AF8 /* Test02.m */; };
/* End PBXBuildFile section */

/* Begin PBXFileReference section */
		60079C311C7DA1E800658AF8 /* MsgSend.app */ = {isa = PBXFileReference; explicitFileType = wrapper.application; includeInIndex = 0; path = MsgSend.app; sourceTree = BUILT_PRODUCTS_DIR; };
		60079C351C7DA1E800658AF8 /* main.m */ = {isa = PBXFileReference; lastKnownFileType = sourcecode.c.objc; path = main.m; sourceTree = "<group>"; };
		60079C371C7DA1E800658AF8 /* AppDelegate.h */ = {isa = PBXFileReference; lastKnownFileType = sourcecode.c.h; path = AppDelegate.h; sourceTree = "<group>"; };
		60079C381C7DA1E800658AF8 /* AppDelegate.m */ = {isa = PBXFileReference; lastKnownFileType = sourcecode.c.objc; path = AppDelegate.m; sourceTree = "<group>"; };
		60079C3A1C7DA1E800658AF8 /* ViewController.h */ = {isa = PBXFileReference; lastKnownFileType = sourcecode.c.h; path = ViewController.h; sourceTree = "<group>"; };
		60079C3B1C7DA1E800658AF8 /* ViewController.m */ = {isa = PBXFileReference; lastKnownFileType = sourcecode.c.objc; path = ViewController.m; sourceTree = "<group>"; };
		60079C3E1C7DA1E800658AF8 /* Base */ = {isa = PBXFileReference; lastKnownFileType = file.storyboard; name = Base; path = Base.lproj/Main.storyboard; sourceTree = "<group>"; };
		60079C401C7DA1E800658AF8 /* Assets.xcassets */ = {isa = PBXFileReference; lastKnownFileType = folder.assetcatalog; path = Assets.xcassets; sourceTree = "<group>"; };
		60079C431C7DA1E800658AF8 /* Base */ = {isa = PBXFileReference; lastKnownFileType = file.storyboard; name = Base; path = Base.lproj/LaunchScreen.storyboard; sourceTree = "<group>"; };
		60079C451C7DA1E800658AF8 /* Info.plist */ = {isa = PBXFileReference; lastKnownFileType = text.plist.xml; path = Info.plist; sourceTree = "<group>"; };
		60079C4B1C7DA1F600658AF8 /* Test01.h */ = {isa = PBXFileReference; fileEncoding = 4; lastKnownFileType = sourcecode.c.h; path = Test01.h; sourceTree = "<group>"; };
		60079C4C1C7DA1F600658AF8 /* Test01.m */ = {isa = PBXFileReference; fileEncoding = 4; lastKnownFileType = sourcecode.c.objc; path = Test01.m; sourceTree = "<group>"; };
		60079C4D1C7DA1F600658AF8 /* Test02.h */ = {isa = PBXFileReference; fileEncoding = 4; lastKnownFileType = sourcecode.c.h; path = Test02.h; sourceTree = "<group>"; };
		60079C4E1C7DA1F600658AF8 /* Test02.m */ = {isa = PBXFileReference; fileEncoding = 4; lastKnownFileType = sourcecode.c.objc; path = Test02.m; sourceTree = "<group>"; };
/* End PBXFileReference section */

/* Begin PBXFrameworksBuildPhase section */
		60079C2E1C7DA1E800658AF8 /* Frameworks */ = {
			isa = PBXFrameworksBuildPhase;
			buildActionMask = 2147483647;
			files = (
			);
			runOnlyForDeploymentPostprocessing = 0;
		};
/* End PBXFrameworksBuildPhase section */

/* Begin PBXGroup section */
		60079C281C7DA1E800658AF8 = {
			isa = PBXGroup;
			children = (
				60079C331C7DA1E800658AF8 /* MsgSend */,
				60079C321C7DA1E800658AF8 /* Products */,
			);
			sourceTree = "<group>";
		};
		60079C321C7DA1E800658AF8 /* Products */ = {
			isa = PBXGroup;
			children = (
				60079C311C7DA1E800658AF8 /* MsgSend.app */,
			);
			name = Products;
			sourceTree = "<group>";
		};
		60079C331C7DA1E800658AF8 /* MsgSend */ = {
			isa = PBXGroup;
			children = (
				60079C371C7DA1E800658AF8 /* AppDelegate.h */,
				60079C381C7DA1E800658AF8 /* AppDelegate.m */,
				60079C3A1C7DA1E800658AF8 /* ViewController.h */,
				60079C3B1C7DA1E800658AF8 /* ViewController.m */,
				60079C4B1C7DA1F600658AF8 /* Test01.h */,
				60079C4C1C7DA1F600658AF8 /* Test01.m */,
				60079C4D1C7DA1F600658AF8 /* Test02.h */,
				60079C4E1C7DA1F600658AF8 /* Test02.m */,
				60079C3D1C7DA1E800658AF8 /* Main.storyboard */,
				60079C401C7DA1E800658AF8 /* Assets.xcassets */,
				60079C421C7DA1E800658AF8 /* LaunchScreen.storyboard */,
				60079C451C7DA1E800658AF8 /* Info.plist */,
				60079C341C7DA1E800658AF8 /* Supporting Files */,
			);
			path = MsgSend;
			sourceTree = "<group>";
		};
		60079C341C7DA1E800658AF8 /* Supporting Files */ = {
			isa = PBXGroup;
			children = (
				60079C351C7DA1E800658AF8 /* main.m */,
			);
			name = "Supporting Files";
			sourceTree = "<group>";
		};
/* End PBXGroup section */

/* Begin PBXNativeTarget section */
		60079C301C7DA1E800658AF8 /* MsgSend */ = {
			isa = PBXNativeTarget;
			buildConfigurationList = 60079C481C7DA1E800658AF8 /* Build configuration list for PBXNativeTarget "MsgSend" */;
			buildPhases = (
				60079C2D1C7DA1E800658AF8 /* Sources */,
				60079C2E1C7DA1E800658AF8 /* Frameworks */,
				60079C2F1C7DA1E800658AF8 /* Resources */,
			);
			buildRules = (
			);
			dependencies = (
			);
			name = MsgSend;
			productName = MsgSend;
			productReference = 60079C311C7DA1E800658AF8 /* MsgSend.app */;
			productType = "com.apple.product-type.application";
		};
/* End PBXNativeTarget section */

/* Begin PBXProject section */
		60079C291C7DA1E800658AF8 /* Project object */ = {
			isa = PBXProject;
			attributes = {
				LastUpgradeCheck = 0720;
				ORGANIZATIONNAME = WFF;
				TargetAttributes = {
					60079C301C7DA1E800658AF8 = {
						CreatedOnToolsVersion = 7.2.1;
					};
				};
			};
			buildConfigurationList = 60079C2C1C7DA1E800658AF8 /* Build configuration list for PBXProject "MsgSend" */;
			compatibilityVersion = "Xcode 3.2";
			developmentRegion = English;
			hasScannedForEncodings = 0;
			knownRegions = (
				en,
				Base,
			);
			mainGroup = 60079C281C7DA1E800658AF8;
			productRefGroup = 60079C321C7DA1E800658AF8 /* Products */;
			projectDirPath = "";
			projectRoot = "";
			targets = (
				60079C301C7DA1E800658AF8 /* MsgSend */,
			);
		};
/* End PBXProject section */

/* Begin PBXResourcesBuildPhase section */
		60079C2F1C7DA1E800658AF8 /* Resources */ = {
			isa = PBXResourcesBuildPhase;
			buildActionMask = 2147483647;
			files = (
				60079C441C7DA1E800658AF8 /* LaunchScreen.storyboard in Resources */,
				60079C411C7DA1E800658AF8 /* Assets.xcassets in Resources */,
				60079C3F1C7DA1E800658AF8 /* Main.storyboard in Resources */,
			);
			runOnlyForDeploymentPostprocessing = 0;
		};
/* End PBXResourcesBuildPhase section */

/* Begin PBXSourcesBuildPhase section */
		60079C2D1C7DA1E800658AF8 /* Sources */ = {
			isa = PBXSourcesBuildPhase;
			buildActionMask = 2147483647;
			files = (
				60079C4F1C7DA1F600658AF8 /* Test01.m in Sources */,
				60079C3C1C7DA1E800658AF8 /* ViewController.m in Sources */,
				60079C391C7DA1E800658AF8 /* AppDelegate.m in Sources */,
				60079C361C7DA1E800658AF8 /* main.m in Sources */,
				60079C501C7DA1F600658AF8 /* Test02.m in Sources */,
			);
			runOnlyForDeploymentPostprocessing = 0;
		};
/* End PBXSourcesBuildPhase section */

/* Begin PBXVariantGroup section */
		60079C3D1C7DA1E800658AF8 /* Main.storyboard */ = {
			isa = PBXVariantGroup;
			children = (
				60079C3E1C7DA1E800658AF8 /* Base */,
			);
			name = Main.storyboard;
			sourceTree = "<group>";
		};
		60079C421C7DA1E800658AF8 /* LaunchScreen.storyboard */ = {
			isa = PBXVariantGroup;
			children = (
				60079C431C7DA1E800658AF8 /* Base */,
			);
			name = LaunchScreen.storyboard;
			sourceTree = "<group>";
		};
/* End PBXVariantGroup section */

/* Begin XCBuildConfiguration section */
		60079C461C7DA1E800658AF8 /* Debug */ = {
			isa = XCBuildConfiguration;
			buildSettings = {
				ALWAYS_SEARCH_USER_PATHS = NO;
				CLANG_CXX_LANGUAGE_STANDARD = "gnu++0x";
				CLANG_CXX_LIBRARY = "libc++";
				CLANG_ENABLE_MODULES = YES;
				CLANG_ENABLE_OBJC_ARC = YES;
				CLANG_WARN_BOOL_CONVERSION = YES;
				CLANG_WARN_CONSTANT_CONVERSION = YES;
				CLANG_WARN_DIRECT_OBJC_ISA_USAGE = YES_ERROR;
				CLANG_WARN_EMPTY_BODY = YES;
				CLANG_WARN_ENUM_CONVERSION = YES;
				CLANG_WARN_INT_CONVERSION = YES;
				CLANG_WARN_OBJC_ROOT_CLASS = YES_ERROR;
				CLANG_WARN_UNREACHABLE_CODE = YES;
				CLANG_WARN__DUPLICATE_METHOD_MATCH = YES;
				"CODE_SIGN_IDENTITY[sdk=iphoneos*]" = "iPhone Developer";
				COPY_PHASE_STRIP = NO;
				DEBUG_INFORMATION_FORMAT = dwarf;
				ENABLE_STRICT_OBJC_MSGSEND = YES;
				ENABLE_TESTABILITY = YES;
				GCC_C_LANGUAGE_STANDARD = gnu99;
				GCC_DYNAMIC_NO_PIC = NO;
				GCC_NO_COMMON_BLOCKS = YES;
				GCC_OPTIMIZATION_LEVEL = 0;
				GCC_PREPROCESSOR_DEFINITIONS = (
					"DEBUG=1",
					"$(inherited)",
				);
				GCC_WARN_64_TO_32_BIT_CONVERSION = YES;
				GCC_WARN_ABOUT_RETURN_TYPE = YES_ERROR;
				GCC_WARN_UNDECLARED_SELECTOR = YES;
				GCC_WARN_UNINITIALIZED_AUTOS = YES_AGGRESSIVE;
				GCC_WARN_UNUSED_FUNCTION = YES;
				GCC_WARN_UNUSED_VARIABLE = YES;
				IPHONEOS_DEPLOYMENT_TARGET = 9.2;
				MTL_ENABLE_DEBUG_INFO = YES;
				ONLY_ACTIVE_ARCH = YES;
				SDKROOT = iphoneos;
				TARGETED_DEVICE_FAMILY = "1,2";
			};
			name = Debug;
		};
		60079C471C7DA1E800658AF8 /* Release */ = {
			isa = XCBuildConfiguration;
			buildSettings = {
				ALWAYS_SEARCH_USER_PATHS = NO;
				CLANG_CXX_LANGUAGE_STANDARD = "gnu++0x";
				CLANG_CXX_LIBRARY = "libc++";
				CLANG_ENABLE_MODULES = YES;
				CLANG_ENABLE_OBJC_ARC = YES;
				CLANG_WARN_BOOL_CONVERSION = YES;
				CLANG_WARN_CONSTANT_CONVERSION = YES;
				CLANG_WARN_DIRECT_OBJC_ISA_USAGE = YES_ERROR;
				CLANG_WARN_EMPTY_BODY = YES;
				CLANG_WARN_ENUM_CONVERSION = YES;
				CLANG_WARN_INT_CONVERSION = YES;
				CLANG_WARN_OBJC_ROOT_CLASS = YES_ERROR;
				CLANG_WARN_UNREACHABLE_CODE = YES;
				CLANG_WARN__DUPLICATE_METHOD_MATCH = YES;
				"CODE_SIGN_IDENTITY[sdk=iphoneos*]" = "iPhone Developer";
				COPY_PHASE_STRIP = NO;
				DEBUG_INFORMATION_FORMAT = "dwarf-with-dsym";
				ENABLE_NS_ASSERTIONS = NO;
				ENABLE_STRICT_OBJC_MSGSEND = YES;
				GCC_C_LANGUAGE_STANDARD = gnu99;
				GCC_NO_COMMON_BLOCKS = YES;
				GCC_WARN_64_TO_32_BIT_CONVERSION = YES;
				GCC_WARN_ABOUT_RETURN_TYPE = YES_ERROR;
				GCC_WARN_UNDECLARED_SELECTOR = YES;
				GCC_WARN_UNINITIALIZED_AUTOS = YES_AGGRESSIVE;
				GCC_WARN_UNUSED_FUNCTION = YES;
				GCC_WARN_UNUSED_VARIABLE = YES;
				IPHONEOS_DEPLOYMENT_TARGET = 9.2;
				MTL_ENABLE_DEBUG_INFO = NO;
				SDKROOT = iphoneos;
				TARGETED_DEVICE_FAMILY = "1,2";
				VALIDATE_PRODUCT = YES;
			};
			name = Release;
		};
		60079C491C7DA1E800658AF8 /* Debug */ = {
			isa = XCBuildConfiguration;
			buildSettings = {
				ASSETCATALOG_COMPILER_APPICON_NAME = AppIcon;
				INFOPLIST_FILE = MsgSend/Info.plist;
				LD_RUNPATH_SEARCH_PATHS = "$(inherited) @executable_path/Frameworks";
				PRODUCT_BUNDLE_IDENTIFIER = WFF.MsgSend;
				PRODUCT_NAME = "$(TARGET_NAME)";
			};
			name = Debug;
		};
		60079C4A1C7DA1E800658AF8 /* Release */ = {
			isa = XCBuildConfiguration;
			buildSettings = {
				ASSETCATALOG_COMPILER_APPICON_NAME = AppIcon;
				INFOPLIST_FILE = MsgSend/Info.plist;
				LD_RUNPATH_SEARCH_PATHS = "$(inherited) @executable_path/Frameworks";
				PRODUCT_BUNDLE_IDENTIFIER = WFF.MsgSend;
				PRODUCT_NAME = "$(TARGET_NAME)";
			};
			name = Release;
		};
/* End XCBuildConfiguration section */

/* Begin XCConfigurationList section */
		60079C2C1C7DA1E800658AF8 /* Build configuration list for PBXProject "MsgSend" */ = {
			isa = XCConfigurationList;
			buildConfigurations = (
				60079C461C7DA1E800658AF8 /* Debug */,
				60079C471C7DA1E800658AF8 /* Release */,
			);
			defaultConfigurationIsVisible = 0;
			defaultConfigurationName = Release;
		};
		60079C481C7DA1E800658AF8 /* Build configuration list for PBXNativeTarget "MsgSend" */ = {
			isa = XCConfigurationList;
			buildConfigurations = (
				60079C491C7DA1E800658AF8 /* Debug */,
				60079C4A1C7DA1E800658AF8 /* Release */,
			);
			defaultConfigurationIsVisible = 0;
		};
/* End XCConfigurationList section */
	};
	rootObject = 60079C291C7DA1E800658AF8 /* Project object */;
}
